<?xml version="1.0" encoding="utf-8"?>
<Project ToolsVersion="4.0" xmlns="http://schemas.microsoft.com/developer/msbuild/2003">
  <ItemGroup>
    <Filter Include="Source Files">
      <UniqueIdentifier>{4FC737F1-C7A5-4376-A066-2A32D752A2FF}</UniqueIdentifier>
      <Extensions>cpp;c;cc;cxx;def;odl;idl;hpj;bat;asm;asmx</Extensions>
    </Filter>
    <Filter Include="Header Files">
      <UniqueIdentifier>{93995380-89BD-4b04-88EB-625FBE52EBFB}</UniqueIdentifier>
      <Extensions>h;hh;hpp;hxx;hm;inl;inc;xsd</Extensions>
    </Filter>
    <Filter Include="Resource Files">
      <UniqueIdentifier>{67DA6AB6-F800-4c08-8B7A-83BB121AAD01}</UniqueIdentifier>
      <Extensions>rc;ico;cur;bmp;dlg;rc2;rct;bin;rgs;gif;jpg;jpeg;jpe;resx;tiff;tif;png;wav;mfcribbon-ms</Extensions>
    </Filter>
    <Filter Include="Header Files\Other">
      <UniqueIdentifier>{ef37948f-a94a-4066-8960-0e7c3a0c4d8c}</UniqueIdentifier>
    </Filter>
    <Filter Include="Header Files\Other\Tracker">
      <UniqueIdentifier>{548dc6ea-5184-44fd-8825-039b264df6d1}</UniqueIdentifier>
    </Filter>
    <Filter Include="Source Files\Other">
      <UniqueIdentifier>{1fe1c9ed-0499-4238-a615-6bf5ef2e2121}</UniqueIdentifier>
    </Filter>
    <Filter Include="Source Files\Other\Tracker">
      <UniqueIdentifier>{e6e6ab56-562d-4ff7-bb7f-6a057ce39d04}</UniqueIdentifier>
    </Filter>
  </ItemGroup>
  <ItemGroup>
    <ClCompile Include="main.cpp">
      <Filter>Source Files</Filter>
    </ClCompile>
    <ClCompile Include="ext\tracker\Tracker\Ctracker.cpp">
      <Filter>Source Files\Other\Tracker</Filter>
    </ClCompile>
    <ClCompile Include="ext\tracker\KalmanFilter\Kalman.cpp">
      <Filter>Source Files\Other\Tracker</Filter>
    </ClCompile>
    <ClCompile Include="ext\tracker\HungarianAlg\HungarianAlg.cpp">
      <Filter>Source Files\Other\Tracker</Filter>
    </ClCompile>
    <ClCompile Include="ext\other\converter.cpp">
      <Filter>Source Files\Other</Filter>
    </ClCompile>
    <ClCompile Include="ext\other\hr_timer.cpp">
      <Filter>Source Files\Other</Filter>
    </ClCompile>
    <ClCompile Include="ext\other\matlabWarper.cpp">
      <Filter>Source Files\Other</Filter>
    </ClCompile>
    <ClCompile Include="ext\other\work_dir.cpp">
      <Filter>Source Files\Other</Filter>
    </ClCompile>
    <ClCompile Include="ext\other\bgs.cpp">
      <Filter>Source Files\Other</Filter>
    </ClCompile>
  </ItemGroup>
  <ItemGroup>
    <ClInclude Include="ext\tracker\Tracker\Ctracker.h">
      <Filter>Header Files\Other\Tracker</Filter>
    </ClInclude>
    <ClInclude Include="ext\tracker\KalmanFilter\Kalman.h">
      <Filter>Header Files\Other\Tracker</Filter>
    </ClInclude>
    <ClInclude Include="ext\tracker\HungarianAlg\HungarianAlg.h">
      <Filter>Header Files\Other\Tracker</Filter>
    </ClInclude>
    <ClInclude Include="ext\other\converter.h">
      <Filter>Header Files\Other</Filter>
    </ClInclude>
    <ClInclude Include="ext\other\hr_timer.h">
      <Filter>Header Files\Other</Filter>
    </ClInclude>
    <ClInclude Include="ext\other\matlabWarper.h">
      <Filter>Header Files\Other</Filter>
    </ClInclude>
    <ClInclude Include="ext\other\work_dir.h">
      <Filter>Header Files\Other</Filter>
    </ClInclude>
  </ItemGroup>
  <ItemGroup>
    <Text Include="config\FaceDetectorConfig.txt">
      <Filter>Resource Files</Filter>
    </Text>
  </ItemGroup>
</Project>